// !$*UTF8*$!
{
	archiveVersion = 1;
	classes = {
	};
	objectVersion = 46;
	objects = {

/* Begin PBXGroup section */
		D8B405AA18D95C0C009525BF = {
			isa = PBXGroup;
			children = (
			);
			sourceTree = "<group>";
		};
/* End PBXGroup section */

/* Begin PBXProject section */
		D8B405AB18D95C0C009525BF /* Project object */ = {
			isa = PBXProject;
			attributes = {
				LastUpgradeCheck = 0510;
			};
			buildConfigurationList = D8B405AE18D95C0C009525BF /* Build configuration list for PBXProject "Promise" */;
			compatibilityVersion = "Xcode 3.2";
			developmentRegion = English;
			hasScannedForEncodings = 0;
			knownRegions = (
				en,
			);
			mainGroup = D8B405AA18D95C0C009525BF;
			projectDirPath = "";
			projectRoot = "";
			targets = (
			);
		};
/* End PBXProject section */

/* Begin XCBuildConfiguration section */
		D8B405AF18D95C0C009525BF /* Debug */ = {
			isa = XCBuildConfiguration;
			buildSettings = {
			};
			name = Debug;
		};
		D8B405B018D95C0C009525BF /* Release */ = {
			isa = XCBuildConfiguration;
			buildSettings = {
			};
			name = Release;
		};
/* End XCBuildConfiguration section */

/* Begin XCConfigurationList section */
		D8B405AE18D95C0C009525BF /* Build configuration list for PBXProject "Promise" */ = {
			isa = XCConfigurationList;
			buildConfigurations = (
				D8B405AF18D95C0C009525BF /* Debug */,
				D8B405B018D95C0C009525BF /* Release */,
			);
			defaultConfigurationIsVisible = 0;
			defaultConfigurationName = Release;
		};
/* End XCConfigurationList section */
	};
	rootObject = D8B405AB18D95C0C009525BF /* Project object */;
}
